
Microsoft Visual Studio Solution File, Format Version 12.00
# Visual Studio Version 16
VisualStudioVersion = 16.0.30330.147
MinimumVisualStudioVersion = 10.0.40219.1
Project("{8BC9CEB8-8B4A-11D0-8D11-00A0C91BC942}") = "Metamorph", "Metamorph\Metamorph.vcxproj", "{CEE257CB-9C5D-44F7-8DEE-15108668C3C9}"
EndProject
Global
	GlobalSection(SolutionConfigurationPlatforms) = preSolution
		Debug|x64 = Debug|x64
		Debug|x86 = Debug|x86
		Release|x64 = Release|x64
		Release|x86 = Release|x86
	EndGlobalSection
	GlobalSection(ProjectConfigurationPlatforms) = postSolution
		{CEE257CB-9C5D-44F7-8DEE-15108668C3C9}.Debug|x64.ActiveCfg = Debug|x64
		{CEE257CB-9C5D-44F7-8DEE-15108668C3C9}.Debug|x64.Build.0 = Debug|x64
		{CEE257CB-9C5D-44F7-8DEE-15108668C3C9}.Debug|x86.ActiveCfg = Debug|Win32
		{CEE257CB-9C5D-44F7-8DEE-15108668C3C9}.Debug|x86.Build.0 = Debug|Win32
		{CEE257CB-9C5D-44F7-8DEE-15108668C3C9}.Release|x64.ActiveCfg = Release|x64
		{CEE257CB-9C5D-44F7-8DEE-15108668C3C9}.Release|x64.Build.0 = Release|x64
		{CEE257CB-9C5D-44F7-8DEE-15108668C3C9}.Release|x86.ActiveCfg = Release|Win32
		{CEE257CB-9C5D-44F7-8DEE-15108668C3C9}.Release|x86.Build.0 = Release|Win32
	EndGlobalSection
	GlobalSection(SolutionProperties) = preSolution
		HideSolutionNode = FALSE
	EndGlobalSection
	GlobalSection(ExtensibilityGlobals) = postSolution
		SolutionGuid = {2FD0CA9A-FE59-4ECA-8355-F6BCDACB5AD6}
	EndGlobalSection
EndGlobal
